
Microsoft Visual Studio Solution File, Format Version 12.00
# Visual Studio Version 16
VisualStudioVersion = 16.0.30717.126
MinimumVisualStudioVersion = 10.0.40219.1
Project("{FAE04EC0-301F-11D3-BF4B-00C04F79EFBC}") = "genshin-audio-exporter", "genshin-audio-exporter.csproj", "{73A6280E-0E80-48EB-AD29-CE4BE676F321}"
EndProject
Global
	GlobalSection(SolutionConfigurationPlatforms) = preSolution
		Debug|Any CPU = Debug|Any CPU
		Release|Any CPU = Release|Any CPU
	EndGlobalSection
	GlobalSection(ProjectConfigurationPlatforms) = postSolution
		{73A6280E-0E80-48EB-AD29-CE4BE676F321}.Debug|Any CPU.ActiveCfg = Debug|Any CPU
		{73A6280E-0E80-48EB-AD29-CE4BE676F321}.Debug|Any CPU.Build.0 = Debug|Any CPU
		{73A6280E-0E80-48EB-AD29-CE4BE676F321}.Release|Any CPU.ActiveCfg = Release|Any CPU
		{73A6280E-0E80-48EB-AD29-CE4BE676F321}.Release|Any CPU.Build.0 = Release|Any CPU
	EndGlobalSection
	GlobalSection(SolutionProperties) = preSolution
		HideSolutionNode = FALSE
	EndGlobalSection
	GlobalSection(ExtensibilityGlobals) = postSolution
		SolutionGuid = {3AADC4B7-CE3E-4831-9E5A-3804F964A527}
	EndGlobalSection
EndGlobal
